
Microsoft Visual Studio Solution File, Format Version 12.00
Project("{FAE04EC0-301F-11D3-BF4B-00C04F79EFBC}") = "Loyalty.Infrastructure", "Loyalty.Infrastructure\Loyalty.Infrastructure.csproj", "{1ED31A53-6582-4B57-9272-2E887D59649A}"
EndProject
Project("{FAE04EC0-301F-11D3-BF4B-00C04F79EFBC}") = "Loyalty.Domain", "Loyalty.Domain\Loyalty.Domain.csproj", "{7368E2D5-85A6-47B6-9AB8-ADD101D62CD3}"
EndProject
Project("{FAE04EC0-301F-11D3-BF4B-00C04F79EFBC}") = "Loyalty.Application", "Loyalty.Application\Loyalty.Application.csproj", "{005FE604-9D79-416B-A668-1A88DBAAFC31}"
EndProject
Project("{FAE04EC0-301F-11D3-BF4B-00C04F79EFBC}") = "Loyalty.Api", "Loyalty.Api\Loyalty.Api.csproj", "{9CC19663-B614-46C4-A2B0-50F498443FB1}"
EndProject
Project("{2150E333-8FDC-42A3-9474-1A3956D46DE8}") = "tests", "tests", "{0DF04B98-04A3-4482-9D9C-6982C338E637}"
EndProject
Project("{FAE04EC0-301F-11D3-BF4B-00C04F79EFBC}") = "Loyalty.Api.UnitTests", "Loyalty.Api.UnitTests\Loyalty.Api.UnitTests.csproj", "{77041C43-6AF5-4CAF-967B-3C66206B2D4D}"
EndProject
Project("{2150E333-8FDC-42A3-9474-1A3956D46DE8}") = "build", "build", "{92E41175-593B-40AF-9398-A0B929BCBAFE}"
	ProjectSection(SolutionItems) = preProject
		..\build\docker-compose.infrastructure.yml = ..\build\docker-compose.infrastructure.yml
		..\build\docker-compose.yml = ..\build\docker-compose.yml
		..\build\Dockerfile = ..\build\Dockerfile
	EndProjectSection
EndProject
Project("{FAE04EC0-301F-11D3-BF4B-00C04F79EFBC}") = "Loyalty.Application.UnitTests", "Loyalty.Application.UnitTests\Loyalty.Application.UnitTests.csproj", "{77ADCDD0-C2B7-41FC-AC34-F0DAF8D7E4CC}"
EndProject
Global
	GlobalSection(SolutionConfigurationPlatforms) = preSolution
		Debug|Any CPU = Debug|Any CPU
		Debug|x64 = Debug|x64
		Debug|x86 = Debug|x86
		Release|Any CPU = Release|Any CPU
		Release|x64 = Release|x64
		Release|x86 = Release|x86
	EndGlobalSection
	GlobalSection(ProjectConfigurationPlatforms) = postSolution
		{1ED31A53-6582-4B57-9272-2E887D59649A}.Debug|Any CPU.ActiveCfg = Debug|Any CPU
		{1ED31A53-6582-4B57-9272-2E887D59649A}.Debug|Any CPU.Build.0 = Debug|Any CPU
		{1ED31A53-6582-4B57-9272-2E887D59649A}.Debug|x64.ActiveCfg = Debug|Any CPU
		{1ED31A53-6582-4B57-9272-2E887D59649A}.Debug|x64.Build.0 = Debug|Any CPU
		{1ED31A53-6582-4B57-9272-2E887D59649A}.Debug|x86.ActiveCfg = Debug|Any CPU
		{1ED31A53-6582-4B57-9272-2E887D59649A}.Debug|x86.Build.0 = Debug|Any CPU
		{1ED31A53-6582-4B57-9272-2E887D59649A}.Release|Any CPU.ActiveCfg = Release|Any CPU
		{1ED31A53-6582-4B57-9272-2E887D59649A}.Release|Any CPU.Build.0 = Release|Any CPU
		{1ED31A53-6582-4B57-9272-2E887D59649A}.Release|x64.ActiveCfg = Release|Any CPU
		{1ED31A53-6582-4B57-9272-2E887D59649A}.Release|x64.Build.0 = Release|Any CPU
		{1ED31A53-6582-4B57-9272-2E887D59649A}.Release|x86.ActiveCfg = Release|Any CPU
		{1ED31A53-6582-4B57-9272-2E887D59649A}.Release|x86.Build.0 = Release|Any CPU
		{7368E2D5-85A6-47B6-9AB8-ADD101D62CD3}.Debug|Any CPU.ActiveCfg = Debug|Any CPU
		{7368E2D5-85A6-47B6-9AB8-ADD101D62CD3}.Debug|Any CPU.Build.0 = Debug|Any CPU
		{7368E2D5-85A6-47B6-9AB8-ADD101D62CD3}.Debug|x64.ActiveCfg = Debug|Any CPU
		{7368E2D5-85A6-47B6-9AB8-ADD101D62CD3}.Debug|x64.Build.0 = Debug|Any CPU
		{7368E2D5-85A6-47B6-9AB8-ADD101D62CD3}.Debug|x86.ActiveCfg = Debug|Any CPU
		{7368E2D5-85A6-47B6-9AB8-ADD101D62CD3}.Debug|x86.Build.0 = Debug|Any CPU
		{7368E2D5-85A6-47B6-9AB8-ADD101D62CD3}.Release|Any CPU.ActiveCfg = Release|Any CPU
		{7368E2D5-85A6-47B6-9AB8-ADD101D62CD3}.Release|Any CPU.Build.0 = Release|Any CPU
		{7368E2D5-85A6-47B6-9AB8-ADD101D62CD3}.Release|x64.ActiveCfg = Release|Any CPU
		{7368E2D5-85A6-47B6-9AB8-ADD101D62CD3}.Release|x64.Build.0 = Release|Any CPU
		{7368E2D5-85A6-47B6-9AB8-ADD101D62CD3}.Release|x86.ActiveCfg = Release|Any CPU
		{7368E2D5-85A6-47B6-9AB8-ADD101D62CD3}.Release|x86.Build.0 = Release|Any CPU
		{005FE604-9D79-416B-A668-1A88DBAAFC31}.Debug|Any CPU.ActiveCfg = Debug|Any CPU
		{005FE604-9D79-416B-A668-1A88DBAAFC31}.Debug|Any CPU.Build.0 = Debug|Any CPU
		{005FE604-9D79-416B-A668-1A88DBAAFC31}.Debug|x64.ActiveCfg = Debug|Any CPU
		{005FE604-9D79-416B-A668-1A88DBAAFC31}.Debug|x64.Build.0 = Debug|Any CPU
		{005FE604-9D79-416B-A668-1A88DBAAFC31}.Debug|x86.ActiveCfg = Debug|Any CPU
		{005FE604-9D79-416B-A668-1A88DBAAFC31}.Debug|x86.Build.0 = Debug|Any CPU
		{005FE604-9D79-416B-A668-1A88DBAAFC31}.Release|Any CPU.ActiveCfg = Release|Any CPU
		{005FE604-9D79-416B-A668-1A88DBAAFC31}.Release|Any CPU.Build.0 = Release|Any CPU
		{005FE604-9D79-416B-A668-1A88DBAAFC31}.Release|x64.ActiveCfg = Release|Any CPU
		{005FE604-9D79-416B-A668-1A88DBAAFC31}.Release|x64.Build.0 = Release|Any CPU
		{005FE604-9D79-416B-A668-1A88DBAAFC31}.Release|x86.ActiveCfg = Release|Any CPU
		{005FE604-9D79-416B-A668-1A88DBAAFC31}.Release|x86.Build.0 = Release|Any CPU
		{9CC19663-B614-46C4-A2B0-50F498443FB1}.Debug|Any CPU.ActiveCfg = Debug|Any CPU
		{9CC19663-B614-46C4-A2B0-50F498443FB1}.Debug|Any CPU.Build.0 = Debug|Any CPU
		{9CC19663-B614-46C4-A2B0-50F498443FB1}.Debug|x64.ActiveCfg = Debug|Any CPU
		{9CC19663-B614-46C4-A2B0-50F498443FB1}.Debug|x64.Build.0 = Debug|Any CPU
		{9CC19663-B614-46C4-A2B0-50F498443FB1}.Debug|x86.ActiveCfg = Debug|Any CPU
		{9CC19663-B614-46C4-A2B0-50F498443FB1}.Debug|x86.Build.0 = Debug|Any CPU
		{9CC19663-B614-46C4-A2B0-50F498443FB1}.Release|Any CPU.ActiveCfg = Release|Any CPU
		{9CC19663-B614-46C4-A2B0-50F498443FB1}.Release|Any CPU.Build.0 = Release|Any CPU
		{9CC19663-B614-46C4-A2B0-50F498443FB1}.Release|x64.ActiveCfg = Release|Any CPU
		{9CC19663-B614-46C4-A2B0-50F498443FB1}.Release|x64.Build.0 = Release|Any CPU
		{9CC19663-B614-46C4-A2B0-50F498443FB1}.Release|x86.ActiveCfg = Release|Any CPU
		{9CC19663-B614-46C4-A2B0-50F498443FB1}.Release|x86.Build.0 = Release|Any CPU
		{77041C43-6AF5-4CAF-967B-3C66206B2D4D}.Debug|Any CPU.ActiveCfg = Debug|Any CPU
		{77041C43-6AF5-4CAF-967B-3C66206B2D4D}.Debug|Any CPU.Build.0 = Debug|Any CPU
		{77041C43-6AF5-4CAF-967B-3C66206B2D4D}.Debug|x64.ActiveCfg = Debug|Any CPU
		{77041C43-6AF5-4CAF-967B-3C66206B2D4D}.Debug|x64.Build.0 = Debug|Any CPU
		{77041C43-6AF5-4CAF-967B-3C66206B2D4D}.Debug|x86.ActiveCfg = Debug|Any CPU
		{77041C43-6AF5-4CAF-967B-3C66206B2D4D}.Debug|x86.Build.0 = Debug|Any CPU
		{77041C43-6AF5-4CAF-967B-3C66206B2D4D}.Release|Any CPU.ActiveCfg = Release|Any CPU
		{77041C43-6AF5-4CAF-967B-3C66206B2D4D}.Release|Any CPU.Build.0 = Release|Any CPU
		{77041C43-6AF5-4CAF-967B-3C66206B2D4D}.Release|x64.ActiveCfg = Release|Any CPU
		{77041C43-6AF5-4CAF-967B-3C66206B2D4D}.Release|x64.Build.0 = Release|Any CPU
		{77041C43-6AF5-4CAF-967B-3C66206B2D4D}.Release|x86.ActiveCfg = Release|Any CPU
		{77041C43-6AF5-4CAF-967B-3C66206B2D4D}.Release|x86.Build.0 = Release|Any CPU
		{77ADCDD0-C2B7-41FC-AC34-F0DAF8D7E4CC}.Debug|Any CPU.ActiveCfg = Debug|Any CPU
		{77ADCDD0-C2B7-41FC-AC34-F0DAF8D7E4CC}.Debug|Any CPU.Build.0 = Debug|Any CPU
		{77ADCDD0-C2B7-41FC-AC34-F0DAF8D7E4CC}.Debug|x64.ActiveCfg = Debug|Any CPU
		{77ADCDD0-C2B7-41FC-AC34-F0DAF8D7E4CC}.Debug|x64.Build.0 = Debug|Any CPU
		{77ADCDD0-C2B7-41FC-AC34-F0DAF8D7E4CC}.Debug|x86.ActiveCfg = Debug|Any CPU
		{77ADCDD0-C2B7-41FC-AC34-F0DAF8D7E4CC}.Debug|x86.Build.0 = Debug|Any CPU
		{77ADCDD0-C2B7-41FC-AC34-F0DAF8D7E4CC}.Release|Any CPU.ActiveCfg = Release|Any CPU
		{77ADCDD0-C2B7-41FC-AC34-F0DAF8D7E4CC}.Release|Any CPU.Build.0 = Release|Any CPU
		{77ADCDD0-C2B7-41FC-AC34-F0DAF8D7E4CC}.Release|x64.ActiveCfg = Release|Any CPU
		{77ADCDD0-C2B7-41FC-AC34-F0DAF8D7E4CC}.Release|x64.Build.0 = Release|Any CPU
		{77ADCDD0-C2B7-41FC-AC34-F0DAF8D7E4CC}.Release|x86.ActiveCfg = Release|Any CPU
		{77ADCDD0-C2B7-41FC-AC34-F0DAF8D7E4CC}.Release|x86.Build.0 = Release|Any CPU
	EndGlobalSection
	GlobalSection(SolutionProperties) = preSolution
		HideSolutionNode = FALSE
	EndGlobalSection
	GlobalSection(NestedProjects) = preSolution
		{77041C43-6AF5-4CAF-967B-3C66206B2D4D} = {0DF04B98-04A3-4482-9D9C-6982C338E637}
		{77ADCDD0-C2B7-41FC-AC34-F0DAF8D7E4CC} = {0DF04B98-04A3-4482-9D9C-6982C338E637}
	EndGlobalSection
EndGlobal
